
Microsoft Visual Studio Solution File, Format Version 11.00
# Visual Studio 2010
Project("{8BC9CEB8-8B4A-11D0-8D11-00A0C91BC942}") = "sample", "sample\sample.vcxproj", "{FE7A060A-E41A-4901-99DE-288B9FE5F3DC}"
EndProject
Project("{8BC9CEB8-8B4A-11D0-8D11-00A0C91BC942}") = "startpy", "startpy\startpy.vcxproj", "{E91E7453-E7EF-4CC0-85C0-8171EFBA9757}"
EndProject
Project("{8BC9CEB8-8B4A-11D0-8D11-00A0C91BC942}") = "A", "A\A.vcxproj", "{D4DD09F6-01FA-4BB8-88A8-E93B9D7EBBD2}"
EndProject
Global
	GlobalSection(SolutionConfigurationPlatforms) = preSolution
		Debug|Win32 = Debug|Win32
		Debug|x64 = Debug|x64
		Release|Win32 = Release|Win32
		Release|x64 = Release|x64
	EndGlobalSection
	GlobalSection(ProjectConfigurationPlatforms) = postSolution
		{FE7A060A-E41A-4901-99DE-288B9FE5F3DC}.Debug|Win32.ActiveCfg = Debug|Win32
		{FE7A060A-E41A-4901-99DE-288B9FE5F3DC}.Debug|Win32.Build.0 = Debug|Win32
		{FE7A060A-E41A-4901-99DE-288B9FE5F3DC}.Debug|x64.ActiveCfg = Debug|x64
		{FE7A060A-E41A-4901-99DE-288B9FE5F3DC}.Debug|x64.Build.0 = Debug|x64
		{FE7A060A-E41A-4901-99DE-288B9FE5F3DC}.Release|Win32.ActiveCfg = Release|Win32
		{FE7A060A-E41A-4901-99DE-288B9FE5F3DC}.Release|Win32.Build.0 = Release|Win32
		{FE7A060A-E41A-4901-99DE-288B9FE5F3DC}.Release|x64.ActiveCfg = Release|x64
		{FE7A060A-E41A-4901-99DE-288B9FE5F3DC}.Release|x64.Build.0 = Release|x64
		{E91E7453-E7EF-4CC0-85C0-8171EFBA9757}.Debug|Win32.ActiveCfg = Debug|Win32
		{E91E7453-E7EF-4CC0-85C0-8171EFBA9757}.Debug|Win32.Build.0 = Debug|Win32
		{E91E7453-E7EF-4CC0-85C0-8171EFBA9757}.Debug|x64.ActiveCfg = Debug|x64
		{E91E7453-E7EF-4CC0-85C0-8171EFBA9757}.Release|Win32.ActiveCfg = Release|Win32
		{E91E7453-E7EF-4CC0-85C0-8171EFBA9757}.Release|Win32.Build.0 = Release|Win32
		{E91E7453-E7EF-4CC0-85C0-8171EFBA9757}.Release|x64.ActiveCfg = Release|x64
		{D4DD09F6-01FA-4BB8-88A8-E93B9D7EBBD2}.Debug|Win32.ActiveCfg = Debug|Win32
		{D4DD09F6-01FA-4BB8-88A8-E93B9D7EBBD2}.Debug|Win32.Build.0 = Debug|Win32
		{D4DD09F6-01FA-4BB8-88A8-E93B9D7EBBD2}.Debug|x64.ActiveCfg = Debug|x64
		{D4DD09F6-01FA-4BB8-88A8-E93B9D7EBBD2}.Release|Win32.ActiveCfg = Release|Win32
		{D4DD09F6-01FA-4BB8-88A8-E93B9D7EBBD2}.Release|Win32.Build.0 = Release|Win32
		{D4DD09F6-01FA-4BB8-88A8-E93B9D7EBBD2}.Release|x64.ActiveCfg = Release|x64
	EndGlobalSection
	GlobalSection(SolutionProperties) = preSolution
		HideSolutionNode = FALSE
	EndGlobalSection
EndGlobal
